
Microsoft Visual Studio Solution File, Format Version 12.00
# Visual Studio Version 17
VisualStudioVersion = 17.9.34728.123
MinimumVisualStudioVersion = 10.0.40219.1
Project("{9A19103F-16F7-4668-BE54-9A1E7A4F7556}") = "TAP", "Async\TAP.csproj", "{479EBE43-9E7B-4089-94F4-18431A3A0D92}"
EndProject
Project("{9A19103F-16F7-4668-BE54-9A1E7A4F7556}") = "APM", "ConsoleApp1\APM.csproj", "{075B7EF3-74BF-44F7-BE9A-B49F42C2AE0B}"
EndProject
Project("{9A19103F-16F7-4668-BE54-9A1E7A4F7556}") = "EAM", "EAM\EAM.csproj", "{DD191453-8671-4689-BD15-6B84AD638C06}"
EndProject
Project("{9A19103F-16F7-4668-BE54-9A1E7A4F7556}") = "SyncContext", "SyncContext\SyncContext.csproj", "{D197FB45-F9C5-4892-88BA-851C014D58A9}"
EndProject
Project("{FAE04EC0-301F-11D3-BF4B-00C04F79EFBC}") = "Awaiters", "Awaiters\Awaiters.csproj", "{A1658098-F051-48A2-A587-DA816E05A4A0}"
EndProject
Global
	GlobalSection(SolutionConfigurationPlatforms) = preSolution
		Debug|Any CPU = Debug|Any CPU
		Release|Any CPU = Release|Any CPU
	EndGlobalSection
	GlobalSection(ProjectConfigurationPlatforms) = postSolution
		{479EBE43-9E7B-4089-94F4-18431A3A0D92}.Debug|Any CPU.ActiveCfg = Debug|Any CPU
		{479EBE43-9E7B-4089-94F4-18431A3A0D92}.Debug|Any CPU.Build.0 = Debug|Any CPU
		{479EBE43-9E7B-4089-94F4-18431A3A0D92}.Release|Any CPU.ActiveCfg = Release|Any CPU
		{479EBE43-9E7B-4089-94F4-18431A3A0D92}.Release|Any CPU.Build.0 = Release|Any CPU
		{075B7EF3-74BF-44F7-BE9A-B49F42C2AE0B}.Debug|Any CPU.ActiveCfg = Debug|Any CPU
		{075B7EF3-74BF-44F7-BE9A-B49F42C2AE0B}.Debug|Any CPU.Build.0 = Debug|Any CPU
		{075B7EF3-74BF-44F7-BE9A-B49F42C2AE0B}.Release|Any CPU.ActiveCfg = Release|Any CPU
		{075B7EF3-74BF-44F7-BE9A-B49F42C2AE0B}.Release|Any CPU.Build.0 = Release|Any CPU
		{DD191453-8671-4689-BD15-6B84AD638C06}.Debug|Any CPU.ActiveCfg = Debug|Any CPU
		{DD191453-8671-4689-BD15-6B84AD638C06}.Debug|Any CPU.Build.0 = Debug|Any CPU
		{DD191453-8671-4689-BD15-6B84AD638C06}.Release|Any CPU.ActiveCfg = Release|Any CPU
		{DD191453-8671-4689-BD15-6B84AD638C06}.Release|Any CPU.Build.0 = Release|Any CPU
		{D197FB45-F9C5-4892-88BA-851C014D58A9}.Debug|Any CPU.ActiveCfg = Debug|Any CPU
		{D197FB45-F9C5-4892-88BA-851C014D58A9}.Debug|Any CPU.Build.0 = Debug|Any CPU
		{D197FB45-F9C5-4892-88BA-851C014D58A9}.Release|Any CPU.ActiveCfg = Release|Any CPU
		{D197FB45-F9C5-4892-88BA-851C014D58A9}.Release|Any CPU.Build.0 = Release|Any CPU
		{A1658098-F051-48A2-A587-DA816E05A4A0}.Debug|Any CPU.ActiveCfg = Debug|Any CPU
		{A1658098-F051-48A2-A587-DA816E05A4A0}.Debug|Any CPU.Build.0 = Debug|Any CPU
		{A1658098-F051-48A2-A587-DA816E05A4A0}.Release|Any CPU.ActiveCfg = Release|Any CPU
		{A1658098-F051-48A2-A587-DA816E05A4A0}.Release|Any CPU.Build.0 = Release|Any CPU
	EndGlobalSection
	GlobalSection(SolutionProperties) = preSolution
		HideSolutionNode = FALSE
	EndGlobalSection
	GlobalSection(ExtensibilityGlobals) = postSolution
		SolutionGuid = {9CC9A167-1CBE-4312-B3E0-E82BDC3DE2C5}
	EndGlobalSection
EndGlobal
